{
  "name": "aws-mon",
  "version": "0.0.0",
  "lockfileVersion": 3,
  "requires": true,
  "packages": {
    "": {
      "name": "aws-mon",
      "version": "0.0.0",
      "workspaces": [
        "packages/*",
        "apps/api"
      ]
    },
    "apps/api": {
      "name": "@aws-mon/api",
      "version": "0.0.0",
      "dependencies": {
        "@aws-mon/shared": "file:../../packages/shared",
        "@aws-sdk/client-dynamodb": "^3.700.0",
        "@aws-sdk/lib-dynamodb": "^3.700.0",
        "@hono/node-server": "^1.13.7",
        "hono": "^4.6.14"
      },
      "devDependencies": {
        "@types/node": "^22.10.2",
        "tsx": "^4.19.2",
        "typescript": "^5.7.2"
      }
    },
    "apps/api/node_modules/@aws-sdk/client-dynamodb": {
      "version": "3.1077.0",
      "license": "Apache-2.0",
      "dependencies": {
        "@aws-sdk/core": "^3.974.25",
        "@aws-sdk/credential-provider-node": "^3.972.60",
        "@aws-sdk/dynamodb-codec": "^3.973.25",
        "@aws-sdk/middleware-endpoint-discovery": "^3.972.21",
        "@aws-sdk/types": "^3.973.14",
        "@smithy/core": "^3.28.0",
        "@smithy/fetch-http-handler": "^5.6.1",
        "@smithy/node-http-handler": "^4.9.1",
        "@smithy/types": "^4.15.0",
        "tslib": "^2.6.2"
      },
      "engines": {
        "node": ">=20.0.0"
      }
    },
    "apps/api/node_modules/@aws-sdk/core": {
      "version": "3.974.25",
      "license": "Apache-2.0",
      "dependencies": {
        "@aws-sdk/types": "^3.973.14",
        "@aws-sdk/xml-builder": "^3.972.32",
        "@aws/lambda-invoke-store": "^0.2.2",
        "@smithy/core": "^3.28.0",
        "@smithy/signature-v4": "^5.6.0",
        "@smithy/types": "^4.15.0",
        "bowser": "^2.11.0",
        "tslib": "^2.6.2"
      },
      "engines": {
        "node": ">=20.0.0"
      }
    },
    "apps/api/node_modules/@aws-sdk/credential-provider-env": {
      "version": "3.972.51",
      "license": "Apache-2.0",
      "dependencies": {
        "@aws-sdk/core": "^3.974.25",
        "@aws-sdk/types": "^3.973.14",
        "@smithy/core": "^3.28.0",
        "@smithy/types": "^4.15.0",
        "tslib": "^2.6.2"
      },
      "engines": {
        "node": ">=20.0.0"
      }
    },
    "apps/api/node_modules/@aws-sdk/credential-provider-http": {
      "version": "3.972.53",
      "license": "Apache-2.0",
      "dependencies": {
        "@aws-sdk/core": "^3.974.25",
        "@aws-sdk/types": "^3.973.14",
        "@smithy/core": "^3.28.0",
        "@smithy/fetch-http-handler": "^5.6.1",
        "@smithy/node-http-handler": "^4.9.1",
        "@smithy/types": "^4.15.0",
        "tslib": "^2.6.2"
      },
      "engines": {
        "node": ">=20.0.0"
      }
    },
    "apps/api/node_modules/@aws-sdk/credential-provider-ini": {
      "version": "3.972.58",
      "license": "Apache-2.0",
      "dependencies": {
        "@aws-sdk/core": "^3.974.25",
        "@aws-sdk/credential-provider-env": "^3.972.51",
        "@aws-sdk/credential-provider-http": "^3.972.53",
        "@aws-sdk/credential-provider-login": "^3.972.57",
        "@aws-sdk/credential-provider-process": "^3.972.51",
        "@aws-sdk/credential-provider-sso": "^3.972.57",
        "@aws-sdk/credential-provider-web-identity": "^3.972.57",
        "@aws-sdk/nested-clients": "^3.997.25",
        "@aws-sdk/types": "^3.973.14",
        "@smithy/core": "^3.28.0",
        "@smithy/credential-provider-imds": "^4.4.4",
        "@smithy/types": "^4.15.0",
        "tslib": "^2.6.2"
      },
      "engines": {
        "node": ">=20.0.0"
      }
    },
    "apps/api/node_modules/@aws-sdk/credential-provider-login": {
      "version": "3.972.57",
      "license": "Apache-2.0",
      "dependencies": {
        "@aws-sdk/core": "^3.974.25",
        "@aws-sdk/nested-clients": "^3.997.25",
        "@aws-sdk/types": "^3.973.14",
        "@smithy/core": "^3.28.0",
        "@smithy/types": "^4.15.0",
        "tslib": "^2.6.2"
      },
      "engines": {
        "node": ">=20.0.0"
      }
    },
    "apps/api/node_modules/@aws-sdk/credential-provider-node": {
      "version": "3.972.60",
      "license": "Apache-2.0",
      "dependencies": {
        "@aws-sdk/credential-provider-env": "^3.972.51",
        "@aws-sdk/credential-provider-http": "^3.972.53",
        "@aws-sdk/credential-provider-ini": "^3.972.58",
        "@aws-sdk/credential-provider-process": "^3.972.51",
        "@aws-sdk/credential-provider-sso": "^3.972.57",
        "@aws-sdk/credential-provider-web-identity": "^3.972.57",
        "@aws-sdk/types": "^3.973.14",
        "@smithy/core": "^3.28.0",
        "@smithy/credential-provider-imds": "^4.4.4",
        "@smithy/types": "^4.15.0",
        "tslib": "^2.6.2"
      },
      "engines": {
        "node": ">=20.0.0"
      }
    },
    "apps/api/node_modules/@aws-sdk/credential-provider-process": {
      "version": "3.972.51",
      "license": "Apache-2.0",
      "dependencies": {
        "@aws-sdk/core": "^3.974.25",
        "@aws-sdk/types": "^3.973.14",
        "@smithy/core": "^3.28.0",
        "@smithy/types": "^4.15.0",
        "tslib": "^2.6.2"
      },
      "engines": {
        "node": ">=20.0.0"
      }
    },
    "apps/api/node_modules/@aws-sdk/credential-provider-sso": {
      "version": "3.972.57",
      "license": "Apache-2.0",
      "dependencies": {
        "@aws-sdk/core": "^3.974.25",
        "@aws-sdk/nested-clients": "^3.997.25",
        "@aws-sdk/token-providers": "3.1077.0",
        "@aws-sdk/types": "^3.973.14",
        "@smithy/core": "^3.28.0",
        "@smithy/types": "^4.15.0",
        "tslib": "^2.6.2"
      },
      "engines": {
        "node": ">=20.0.0"
      }
    },
    "apps/api/node_modules/@aws-sdk/credential-provider-web-identity": {
      "version": "3.972.57",
      "license": "Apache-2.0",
      "dependencies": {
        "@aws-sdk/core": "^3.974.25",
        "@aws-sdk/nested-clients": "^3.997.25",
        "@aws-sdk/types": "^3.973.14",
        "@smithy/core": "^3.28.0",
        "@smithy/types": "^4.15.0",
        "tslib": "^2.6.2"
      },
      "engines": {
        "node": ">=20.0.0"
      }
    },
    "apps/api/node_modules/@aws-sdk/dynamodb-codec": {
      "version": "3.973.25",
      "license": "Apache-2.0",
      "dependencies": {
        "@aws-sdk/core": "^3.974.25",
        "@smithy/core": "^3.28.0",
        "@smithy/types": "^4.15.0",
        "tslib": "^2.6.2"
      },
      "engines": {
        "node": ">=20.0.0"
      }
    },
    "apps/api/node_modules/@aws-sdk/endpoint-cache": {
      "version": "3.972.8",
      "license": "Apache-2.0",
      "dependencies": {
        "mnemonist": "0.38.3",
        "tslib": "^2.6.2"
      },
      "engines": {
        "node": ">=20.0.0"
      }
    },
    "apps/api/node_modules/@aws-sdk/lib-dynamodb": {
      "version": "3.1077.0",
      "license": "Apache-2.0",
      "dependencies": {
        "@aws-sdk/core": "^3.974.25",
        "@aws-sdk/util-dynamodb": "^3.996.5",
        "@smithy/core": "^3.28.0",
        "@smithy/types": "^4.15.0",
        "tslib": "^2.6.2"
      },
      "engines": {
        "node": ">=20.0.0"
      },
      "peerDependencies": {
        "@aws-sdk/client-dynamodb": "^3.1077.0"
      }
    },
    "apps/api/node_modules/@aws-sdk/middleware-endpoint-discovery": {
      "version": "3.972.21",
      "license": "Apache-2.0",
      "dependencies": {
        "@aws-sdk/endpoint-cache": "^3.972.8",
        "@aws-sdk/types": "^3.973.14",
        "@smithy/core": "^3.28.0",
        "@smithy/types": "^4.15.0",
        "tslib": "^2.6.2"
      },
      "engines": {
        "node": ">=20.0.0"
      }
    },
    "apps/api/node_modules/@aws-sdk/nested-clients": {
      "version": "3.997.25",
      "license": "Apache-2.0",
      "dependencies": {
        "@aws-sdk/core": "^3.974.25",
        "@aws-sdk/signature-v4-multi-region": "^3.996.37",
        "@aws-sdk/types": "^3.973.14",
        "@smithy/core": "^3.28.0",
        "@smithy/fetch-http-handler": "^5.6.1",
        "@smithy/node-http-handler": "^4.9.1",
        "@smithy/types": "^4.15.0",
        "tslib": "^2.6.2"
      },
      "engines": {
        "node": ">=20.0.0"
      }
    },
    "apps/api/node_modules/@aws-sdk/signature-v4-multi-region": {
      "version": "3.996.37",
      "license": "Apache-2.0",
      "dependencies": {
        "@aws-sdk/types": "^3.973.14",
        "@smithy/signature-v4": "^5.6.0",
        "@smithy/types": "^4.15.0",
        "tslib": "^2.6.2"
      },
      "engines": {
        "node": ">=20.0.0"
      }
    },
    "apps/api/node_modules/@aws-sdk/token-providers": {
      "version": "3.1077.0",
      "license": "Apache-2.0",
      "dependencies": {
        "@aws-sdk/core": "^3.974.25",
        "@aws-sdk/nested-clients": "^3.997.25",
        "@aws-sdk/types": "^3.973.14",
        "@smithy/core": "^3.28.0",
        "@smithy/types": "^4.15.0",
        "tslib": "^2.6.2"
      },
      "engines": {
        "node": ">=20.0.0"
      }
    },
    "apps/api/node_modules/@aws-sdk/types": {
      "version": "3.973.14",
      "license": "Apache-2.0",
      "dependencies": {
        "@smithy/types": "^4.15.0",
        "tslib": "^2.6.2"
      },
      "engines": {
        "node": ">=20.0.0"
      }
    },
    "apps/api/node_modules/@aws-sdk/util-dynamodb": {
      "version": "3.996.5",
      "license": "Apache-2.0",
      "dependencies": {
        "tslib": "^2.6.2"
      },
      "engines": {
        "node": ">=20.0.0"
      },
      "peerDependencies": {
        "@aws-sdk/client-dynamodb": "^3.1069.0"
      }
    },
    "apps/api/node_modules/@aws-sdk/xml-builder": {
      "version": "3.972.32",
      "license": "Apache-2.0",
      "dependencies": {
        "@smithy/types": "^4.15.0",
        "tslib": "^2.6.2"
      },
      "engines": {
        "node": ">=20.0.0"
      }
    },
    "apps/api/node_modules/@aws/lambda-invoke-store": {
      "version": "0.2.4",
      "license": "Apache-2.0",
      "engines": {
        "node": ">=18.0.0"
      }
    },
    "apps/api/node_modules/@esbuild/win32-x64": {
      "version": "0.28.1",
      "cpu": [
        "x64"
      ],
      "dev": true,
      "license": "MIT",
      "optional": true,
      "os": [
        "win32"
      ],
      "engines": {
        "node": ">=18"
      }
    },
    "apps/api/node_modules/@hono/node-server": {
      "version": "1.19.14",
      "license": "MIT",
      "engines": {
        "node": ">=18.14.1"
      },
      "peerDependencies": {
        "hono": "^4"
      }
    },
    "apps/api/node_modules/@smithy/core": {
      "version": "3.28.0",
      "license": "Apache-2.0",
      "dependencies": {
        "@smithy/types": "^4.15.0",
        "tslib": "^2.6.2"
      },
      "engines": {
        "node": ">=18.0.0"
      }
    },
    "apps/api/node_modules/@smithy/credential-provider-imds": {
      "version": "4.4.4",
      "license": "Apache-2.0",
      "dependencies": {
        "@smithy/core": "^3.28.0",
        "@smithy/types": "^4.15.0",
        "tslib": "^2.6.2"
      },
      "engines": {
        "node": ">=18.0.0"
      }
    },
    "apps/api/node_modules/@smithy/fetch-http-handler": {
      "version": "5.6.1",
      "license": "Apache-2.0",
      "dependencies": {
        "@smithy/core": "^3.28.0",
        "@smithy/types": "^4.15.0",
        "tslib": "^2.6.2"
      },
      "engines": {
        "node": ">=18.0.0"
      }
    },
    "apps/api/node_modules/@smithy/node-http-handler": {
      "version": "4.9.1",
      "license": "Apache-2.0",
      "dependencies": {
        "@smithy/core": "^3.28.0",
        "@smithy/types": "^4.15.0",
        "tslib": "^2.6.2"
      },
      "engines": {
        "node": ">=18.0.0"
      }
    },
    "apps/api/node_modules/@smithy/signature-v4": {
      "version": "5.6.0",
      "license": "Apache-2.0",
      "dependencies": {
        "@smithy/core": "^3.28.0",
        "@smithy/types": "^4.15.0",
        "tslib": "^2.6.2"
      },
      "engines": {
        "node": ">=18.0.0"
      }
    },
    "apps/api/node_modules/@smithy/types": {
      "version": "4.15.0",
      "license": "Apache-2.0",
      "dependencies": {
        "tslib": "^2.6.2"
      },
      "engines": {
        "node": ">=18.0.0"
      }
    },
    "apps/api/node_modules/bowser": {
      "version": "2.14.1",
      "license": "MIT"
    },
    "apps/api/node_modules/esbuild": {
      "version": "0.28.1",
      "dev": true,
      "hasInstallScript": true,
      "license": "MIT",
      "bin": {
        "esbuild": "bin/esbuild"
      },
      "engines": {
        "node": ">=18"
      },
      "optionalDependencies": {
        "@esbuild/aix-ppc64": "0.28.1",
        "@esbuild/android-arm": "0.28.1",
        "@esbuild/android-arm64": "0.28.1",
        "@esbuild/android-x64": "0.28.1",
        "@esbuild/darwin-arm64": "0.28.1",
        "@esbuild/darwin-x64": "0.28.1",
        "@esbuild/freebsd-arm64": "0.28.1",
        "@esbuild/freebsd-x64": "0.28.1",
        "@esbuild/linux-arm": "0.28.1",
        "@esbuild/linux-arm64": "0.28.1",
        "@esbuild/linux-ia32": "0.28.1",
        "@esbuild/linux-loong64": "0.28.1",
        "@esbuild/linux-mips64el": "0.28.1",
        "@esbuild/linux-ppc64": "0.28.1",
        "@esbuild/linux-riscv64": "0.28.1",
        "@esbuild/linux-s390x": "0.28.1",
        "@esbuild/linux-x64": "0.28.1",
        "@esbuild/netbsd-arm64": "0.28.1",
        "@esbuild/netbsd-x64": "0.28.1",
        "@esbuild/openbsd-arm64": "0.28.1",
        "@esbuild/openbsd-x64": "0.28.1",
        "@esbuild/openharmony-arm64": "0.28.1",
        "@esbuild/sunos-x64": "0.28.1",
        "@esbuild/win32-arm64": "0.28.1",
        "@esbuild/win32-ia32": "0.28.1",
        "@esbuild/win32-x64": "0.28.1"
      }
    },
    "apps/api/node_modules/hono": {
      "version": "4.12.27",
      "license": "MIT",
      "engines": {
        "node": ">=16.9.0"
      }
    },
    "apps/api/node_modules/mnemonist": {
      "version": "0.38.3",
      "license": "MIT",
      "dependencies": {
        "obliterator": "^1.6.1"
      }
    },
    "apps/api/node_modules/obliterator": {
      "version": "1.6.1",
      "license": "MIT"
    },
    "apps/api/node_modules/tslib": {
      "version": "2.8.1",
      "license": "0BSD"
    },
    "apps/api/node_modules/tsx": {
      "version": "4.22.4",
      "dev": true,
      "license": "MIT",
      "dependencies": {
        "esbuild": "~0.28.0"
      },
      "bin": {
        "tsx": "dist/cli.mjs"
      },
      "engines": {
        "node": ">=18.0.0"
      },
      "optionalDependencies": {
        "fsevents": "~2.3.3"
      }
    },
    "node_modules/@aws-mon/api": {
      "resolved": "apps/api",
      "link": true
    },
    "node_modules/@aws-mon/shared": {
      "resolved": "packages/shared",
      "link": true
    },
    "node_modules/@types/node": {
      "version": "22.20.0",
      "resolved": "https://registry.npmjs.org/@types/node/-/node-22.20.0.tgz",
      "integrity": "sha512-QWlFW2wf3nTjC13/DqRnBpR4ZO36VJH/JVBkA/vcnmbTBNQIlnObqyqZE1tUR7+Ni23Lda8R1BxMfbXRpCUx5g==",
      "dev": true,
      "license": "MIT",
      "dependencies": {
        "undici-types": "~6.21.0"
      }
    },
    "node_modules/typescript": {
      "version": "5.9.3",
      "resolved": "https://registry.npmjs.org/typescript/-/typescript-5.9.3.tgz",
      "integrity": "sha512-jl1vZzPDinLr9eUt3J/t7V6FgNEw9QjvBPdysz9KfQDD41fQrC2Y4vKQdiaUpFT4bXlb1RHhLpp8wtm6M5TgSw==",
      "dev": true,
      "license": "Apache-2.0",
      "bin": {
        "tsc": "bin/tsc",
        "tsserver": "bin/tsserver"
      },
      "engines": {
        "node": ">=14.17"
      }
    },
    "node_modules/undici-types": {
      "version": "6.21.0",
      "resolved": "https://registry.npmjs.org/undici-types/-/undici-types-6.21.0.tgz",
      "integrity": "sha512-iwDZqg0QAGrg9Rav5H4n0M64c3mkR59cJ6wQp+7C4nI0gsmExaedaYLNO44eT4AtBBwjbTiGPMlt2Md0T9H9JQ==",
      "dev": true,
      "license": "MIT"
    },
    "packages/shared": {
      "name": "@aws-mon/shared",
      "version": "0.0.0",
      "devDependencies": {
        "@types/node": "^22.10.2",
        "typescript": "^5.7.2"
      }
    }
  }
}
